Microsoft Visual Studio Solution File, Format Version 11.00
# Visual Studio 2008

Project("{F291AA8A-28D9-5EC3-2A0E-01A8F6506FEE}") = "Vector Ball", "Assembly-CSharp.csproj", "{A6D112CB-47F6-CBD3-DF0C-59190E37D827}"
EndProject
Global
	GlobalSection(SolutionConfigurationPlatforms) = preSolution
		Debug|Any CPU = Debug|Any CPU
		Release|Any CPU = Release|Any CPU
	EndGlobalSection
	GlobalSection(ProjectConfigurationPlatforms) = postSolution
		{A6D112CB-47F6-CBD3-DF0C-59190E37D827}.Debug|Any CPU.ActiveCfg = Debug|Any CPU
		{A6D112CB-47F6-CBD3-DF0C-59190E37D827}.Debug|Any CPU.Build.0 = Debug|Any CPU
		{A6D112CB-47F6-CBD3-DF0C-59190E37D827}.Release|Any CPU.ActiveCfg = Release|Any CPU
		{A6D112CB-47F6-CBD3-DF0C-59190E37D827}.Release|Any CPU.Build.0 = Release|Any CPU
	EndGlobalSection
	GlobalSection(SolutionProperties) = preSolution
		HideSolutionNode = FALSE
	EndGlobalSection
	GlobalSection(MonoDevelopProperties) = preSolution
		StartupItem = Assembly-CSharp.csproj
	EndGlobalSection
EndGlobal
