Microsoft Visual Studio Solution File, Format Version 11.00
# Visual Studio 2008

Project("{2CB31496-46C1-680D-E975-1B70810B5E47}") = "Vector-Ball", "Assembly-CSharp.csproj", "{0B8D5A44-2E4E-DEA4-8EC5-515F8C92C9A8}"
EndProject
Global
	GlobalSection(SolutionConfigurationPlatforms) = preSolution
		Debug|Any CPU = Debug|Any CPU
		Release|Any CPU = Release|Any CPU
	EndGlobalSection
	GlobalSection(ProjectConfigurationPlatforms) = postSolution
		{0B8D5A44-2E4E-DEA4-8EC5-515F8C92C9A8}.Debug|Any CPU.ActiveCfg = Debug|Any CPU
		{0B8D5A44-2E4E-DEA4-8EC5-515F8C92C9A8}.Debug|Any CPU.Build.0 = Debug|Any CPU
		{0B8D5A44-2E4E-DEA4-8EC5-515F8C92C9A8}.Release|Any CPU.ActiveCfg = Release|Any CPU
		{0B8D5A44-2E4E-DEA4-8EC5-515F8C92C9A8}.Release|Any CPU.Build.0 = Release|Any CPU
	EndGlobalSection
	GlobalSection(SolutionProperties) = preSolution
		HideSolutionNode = FALSE
	EndGlobalSection
	GlobalSection(MonoDevelopProperties) = preSolution
		StartupItem = Assembly-CSharp.csproj
	EndGlobalSection
EndGlobal
