Microsoft Visual Studio Solution File, Format Version 11.00
# Visual Studio 2008

Project("{60490DFD-9781-3FEB-7EF2-0047234EE457}") = "Vector-Ball 1", "Assembly-CSharp.csproj", "{202EC718-ABEE-7F79-D6C6-41EEFFB93DDE}"
EndProject
Global
	GlobalSection(SolutionConfigurationPlatforms) = preSolution
		Debug|Any CPU = Debug|Any CPU
		Release|Any CPU = Release|Any CPU
	EndGlobalSection
	GlobalSection(ProjectConfigurationPlatforms) = postSolution
		{202EC718-ABEE-7F79-D6C6-41EEFFB93DDE}.Debug|Any CPU.ActiveCfg = Debug|Any CPU
		{202EC718-ABEE-7F79-D6C6-41EEFFB93DDE}.Debug|Any CPU.Build.0 = Debug|Any CPU
		{202EC718-ABEE-7F79-D6C6-41EEFFB93DDE}.Release|Any CPU.ActiveCfg = Release|Any CPU
		{202EC718-ABEE-7F79-D6C6-41EEFFB93DDE}.Release|Any CPU.Build.0 = Release|Any CPU
	EndGlobalSection
	GlobalSection(SolutionProperties) = preSolution
		HideSolutionNode = FALSE
	EndGlobalSection
	GlobalSection(MonoDevelopProperties) = preSolution
		StartupItem = Assembly-CSharp.csproj
	EndGlobalSection
EndGlobal
